
Microsoft Visual Studio Solution File, Format Version 12.00
# Visual Studio Version 17
VisualStudioVersion = 17.0.31903.59
MinimumVisualStudioVersion = 10.0.40219.1
Project("{FAE04EC0-301F-11D3-BF4B-00C04F79EFBC}") = "Application", "Application\Application.csproj", "{24B5CA40-0903-4EA9-A1EB-0200A638E0B7}"
EndProject
Project("{FAE04EC0-301F-11D3-BF4B-00C04F79EFBC}") = "Domain", "Domain\Domain.csproj", "{F8DC5CEB-8F53-462C-826E-53C223A53A48}"
EndProject
Project("{FAE04EC0-301F-11D3-BF4B-00C04F79EFBC}") = "DomainService", "DomainService\DomainService.csproj", "{6F06AB92-4D4C-434E-BF17-864D9B774976}"
EndProject
Project("{FAE04EC0-301F-11D3-BF4B-00C04F79EFBC}") = "Infrastructure.Redis", "Infrastructure.Redis\Infrastructure.Redis.csproj", "{50221551-C8FF-444E-8E3B-2F99BB61B563}"
EndProject
Project("{FAE04EC0-301F-11D3-BF4B-00C04F79EFBC}") = "Tests", "Tests\Tests.csproj", "{65DD0E3A-1449-4B48-9831-35F2C24578C3}"
EndProject
Project("{FAE04EC0-301F-11D3-BF4B-00C04F79EFBC}") = "Infrastructure.Rabbit", "Infrastructure.Rabbit\Infrastructure.Rabbit.csproj", "{3358C2EF-DD93-465F-AAF8-9279092CC7BE}"
EndProject
Project("{FAE04EC0-301F-11D3-BF4B-00C04F79EFBC}") = "Infrastructure.InfluxDB", "Infrastructure.InfluxDB\Infrastructure.InfluxDB.csproj", "{01AF13EE-C988-4534-9029-152DAF935982}"
EndProject
Global
	GlobalSection(SolutionConfigurationPlatforms) = preSolution
		Debug|Any CPU = Debug|Any CPU
		Release|Any CPU = Release|Any CPU
	EndGlobalSection
	GlobalSection(SolutionProperties) = preSolution
		HideSolutionNode = FALSE
	EndGlobalSection
	GlobalSection(ProjectConfigurationPlatforms) = postSolution
		{24B5CA40-0903-4EA9-A1EB-0200A638E0B7}.Debug|Any CPU.ActiveCfg = Debug|Any CPU
		{24B5CA40-0903-4EA9-A1EB-0200A638E0B7}.Debug|Any CPU.Build.0 = Debug|Any CPU
		{24B5CA40-0903-4EA9-A1EB-0200A638E0B7}.Release|Any CPU.ActiveCfg = Release|Any CPU
		{24B5CA40-0903-4EA9-A1EB-0200A638E0B7}.Release|Any CPU.Build.0 = Release|Any CPU
		{F8DC5CEB-8F53-462C-826E-53C223A53A48}.Debug|Any CPU.ActiveCfg = Debug|Any CPU
		{F8DC5CEB-8F53-462C-826E-53C223A53A48}.Debug|Any CPU.Build.0 = Debug|Any CPU
		{F8DC5CEB-8F53-462C-826E-53C223A53A48}.Release|Any CPU.ActiveCfg = Release|Any CPU
		{F8DC5CEB-8F53-462C-826E-53C223A53A48}.Release|Any CPU.Build.0 = Release|Any CPU
		{6F06AB92-4D4C-434E-BF17-864D9B774976}.Debug|Any CPU.ActiveCfg = Debug|Any CPU
		{6F06AB92-4D4C-434E-BF17-864D9B774976}.Debug|Any CPU.Build.0 = Debug|Any CPU
		{6F06AB92-4D4C-434E-BF17-864D9B774976}.Release|Any CPU.ActiveCfg = Release|Any CPU
		{6F06AB92-4D4C-434E-BF17-864D9B774976}.Release|Any CPU.Build.0 = Release|Any CPU
		{50221551-C8FF-444E-8E3B-2F99BB61B563}.Debug|Any CPU.ActiveCfg = Debug|Any CPU
		{50221551-C8FF-444E-8E3B-2F99BB61B563}.Debug|Any CPU.Build.0 = Debug|Any CPU
		{50221551-C8FF-444E-8E3B-2F99BB61B563}.Release|Any CPU.ActiveCfg = Release|Any CPU
		{50221551-C8FF-444E-8E3B-2F99BB61B563}.Release|Any CPU.Build.0 = Release|Any CPU
		{65DD0E3A-1449-4B48-9831-35F2C24578C3}.Debug|Any CPU.ActiveCfg = Debug|Any CPU
		{65DD0E3A-1449-4B48-9831-35F2C24578C3}.Debug|Any CPU.Build.0 = Debug|Any CPU
		{65DD0E3A-1449-4B48-9831-35F2C24578C3}.Release|Any CPU.ActiveCfg = Release|Any CPU
		{65DD0E3A-1449-4B48-9831-35F2C24578C3}.Release|Any CPU.Build.0 = Release|Any CPU
		{3358C2EF-DD93-465F-AAF8-9279092CC7BE}.Debug|Any CPU.ActiveCfg = Debug|Any CPU
		{3358C2EF-DD93-465F-AAF8-9279092CC7BE}.Debug|Any CPU.Build.0 = Debug|Any CPU
		{3358C2EF-DD93-465F-AAF8-9279092CC7BE}.Release|Any CPU.ActiveCfg = Release|Any CPU
		{3358C2EF-DD93-465F-AAF8-9279092CC7BE}.Release|Any CPU.Build.0 = Release|Any CPU
		{01AF13EE-C988-4534-9029-152DAF935982}.Debug|Any CPU.ActiveCfg = Debug|Any CPU
		{01AF13EE-C988-4534-9029-152DAF935982}.Debug|Any CPU.Build.0 = Debug|Any CPU
		{01AF13EE-C988-4534-9029-152DAF935982}.Release|Any CPU.ActiveCfg = Release|Any CPU
		{01AF13EE-C988-4534-9029-152DAF935982}.Release|Any CPU.Build.0 = Release|Any CPU
	EndGlobalSection
EndGlobal
